
Microsoft Visual Studio Solution File, Format Version 12.00
# Visual Studio Version 16
VisualStudioVersion = 16.0.31025.194
MinimumVisualStudioVersion = 10.0.40219.1
Project("{FAE04EC0-301F-11D3-BF4B-00C04F79EFBC}") = "DataMhs", "Exxe\DataMhs.csproj", "{4F66EB92-01AB-421D-B30D-5132BDD45BF4}"
EndProject
Global
	GlobalSection(SolutionConfigurationPlatforms) = preSolution
		Debug|Any CPU = Debug|Any CPU
		Release|Any CPU = Release|Any CPU
	EndGlobalSection
	GlobalSection(ProjectConfigurationPlatforms) = postSolution
		{4F66EB92-01AB-421D-B30D-5132BDD45BF4}.Debug|Any CPU.ActiveCfg = Debug|Any CPU
		{4F66EB92-01AB-421D-B30D-5132BDD45BF4}.Debug|Any CPU.Build.0 = Debug|Any CPU
		{4F66EB92-01AB-421D-B30D-5132BDD45BF4}.Release|Any CPU.ActiveCfg = Release|Any CPU
		{4F66EB92-01AB-421D-B30D-5132BDD45BF4}.Release|Any CPU.Build.0 = Release|Any CPU
	EndGlobalSection
	GlobalSection(SolutionProperties) = preSolution
		HideSolutionNode = FALSE
	EndGlobalSection
	GlobalSection(ExtensibilityGlobals) = postSolution
		SolutionGuid = {E43CED30-0CEB-444A-B524-9D8784F0AD08}
	EndGlobalSection
EndGlobal
